
Microsoft Visual Studio Solution File, Format Version 12.00
# Visual Studio 15
VisualStudioVersion = 15.0.27130.2024
MinimumVisualStudioVersion = 10.0.40219.1
Project("{FAE04EC0-301F-11D3-BF4B-00C04F79EFBC}") = "DeskShell", "Calculator2\DeskShell.csproj", "{3A811EB8-9A2E-4E7F-B419-1B5513F987F2}"
	ProjectSection(ProjectDependencies) = postProject
		{5C74D2E1-9058-4F7C-9719-7D7B99E42162} = {5C74D2E1-9058-4F7C-9719-7D7B99E42162}
	EndProjectSection
EndProject
Project("{FAE04EC0-301F-11D3-BF4B-00C04F79EFBC}") = "API", "API\API.csproj", "{5C74D2E1-9058-4F7C-9719-7D7B99E42162}"
EndProject
Project("{FAE04EC0-301F-11D3-BF4B-00C04F79EFBC}") = "Common", "Common\Common.csproj", "{B7991528-4E50-4685-811A-A78E9642992D}"
EndProject
Project("{2150E333-8FDC-42A3-9474-1A3956D46DE8}") = "Solution Items", "Solution Items", "{7DAD1428-CA9A-443B-8D04-87D13A3B4955}"
	ProjectSection(SolutionItems) = preProject
		App.config = App.config
	EndProjectSection
EndProject
Global
	GlobalSection(SolutionConfigurationPlatforms) = preSolution
		Debug|Any CPU = Debug|Any CPU
		Release|Any CPU = Release|Any CPU
	EndGlobalSection
	GlobalSection(ProjectConfigurationPlatforms) = postSolution
		{3A811EB8-9A2E-4E7F-B419-1B5513F987F2}.Debug|Any CPU.ActiveCfg = Debug|Any CPU
		{3A811EB8-9A2E-4E7F-B419-1B5513F987F2}.Debug|Any CPU.Build.0 = Debug|Any CPU
		{3A811EB8-9A2E-4E7F-B419-1B5513F987F2}.Release|Any CPU.ActiveCfg = Release|Any CPU
		{3A811EB8-9A2E-4E7F-B419-1B5513F987F2}.Release|Any CPU.Build.0 = Release|Any CPU
		{5C74D2E1-9058-4F7C-9719-7D7B99E42162}.Debug|Any CPU.ActiveCfg = Debug|Any CPU
		{5C74D2E1-9058-4F7C-9719-7D7B99E42162}.Debug|Any CPU.Build.0 = Debug|Any CPU
		{5C74D2E1-9058-4F7C-9719-7D7B99E42162}.Release|Any CPU.ActiveCfg = Release|Any CPU
		{5C74D2E1-9058-4F7C-9719-7D7B99E42162}.Release|Any CPU.Build.0 = Release|Any CPU
		{B7991528-4E50-4685-811A-A78E9642992D}.Debug|Any CPU.ActiveCfg = Debug|Any CPU
		{B7991528-4E50-4685-811A-A78E9642992D}.Debug|Any CPU.Build.0 = Debug|Any CPU
		{B7991528-4E50-4685-811A-A78E9642992D}.Release|Any CPU.ActiveCfg = Release|Any CPU
		{B7991528-4E50-4685-811A-A78E9642992D}.Release|Any CPU.Build.0 = Release|Any CPU
	EndGlobalSection
	GlobalSection(SolutionProperties) = preSolution
		HideSolutionNode = FALSE
	EndGlobalSection
	GlobalSection(ExtensibilityGlobals) = postSolution
		SolutionGuid = {C8550DCE-7461-4D81-BA8C-F6B4370B4814}
	EndGlobalSection
EndGlobal
